
Microsoft Visual Studio Solution File, Format Version 12.00
# Visual Studio Version 17
VisualStudioVersion = 17.7.34031.279
MinimumVisualStudioVersion = 10.0.40219.1
Project("{FAE04EC0-301F-11D3-BF4B-00C04F79EFBC}") = "ACLC_WebDevMidtermExam_Group01", "ACLC_WebDevMidtermExam_Group01\ACLC_WebDevMidtermExam_Group01.csproj", "{87B06191-24D2-40E9-A89F-DADB1F0FAA15}"
EndProject
Global
	GlobalSection(SolutionConfigurationPlatforms) = preSolution
		Debug|Any CPU = Debug|Any CPU
		Release|Any CPU = Release|Any CPU
	EndGlobalSection
	GlobalSection(ProjectConfigurationPlatforms) = postSolution
		{87B06191-24D2-40E9-A89F-DADB1F0FAA15}.Debug|Any CPU.ActiveCfg = Debug|Any CPU
		{87B06191-24D2-40E9-A89F-DADB1F0FAA15}.Debug|Any CPU.Build.0 = Debug|Any CPU
		{87B06191-24D2-40E9-A89F-DADB1F0FAA15}.Release|Any CPU.ActiveCfg = Release|Any CPU
		{87B06191-24D2-40E9-A89F-DADB1F0FAA15}.Release|Any CPU.Build.0 = Release|Any CPU
	EndGlobalSection
	GlobalSection(SolutionProperties) = preSolution
		HideSolutionNode = FALSE
	EndGlobalSection
	GlobalSection(ExtensibilityGlobals) = postSolution
		SolutionGuid = {E523D119-E68E-4CC9-9B67-0EDCAE443235}
	EndGlobalSection
EndGlobal
